
Microsoft Visual Studio Solution File, Format Version 12.00
# Visual Studio Version 18
VisualStudioVersion = 18.5.11709.299 stable
MinimumVisualStudioVersion = 10.0.40219.1
Project("{FAE04EC0-301F-11D3-BF4B-00C04F79EFBC}") = "BoardingTime", "BoardingTime.csproj", "{51F85D99-EF7E-6868-06C7-7F2400136A26}"
EndProject
Global
	GlobalSection(SolutionConfigurationPlatforms) = preSolution
		Debug|Any CPU = Debug|Any CPU
		Release|Any CPU = Release|Any CPU
	EndGlobalSection
	GlobalSection(ProjectConfigurationPlatforms) = postSolution
		{51F85D99-EF7E-6868-06C7-7F2400136A26}.Debug|Any CPU.ActiveCfg = Debug|Any CPU
		{51F85D99-EF7E-6868-06C7-7F2400136A26}.Debug|Any CPU.Build.0 = Debug|Any CPU
		{51F85D99-EF7E-6868-06C7-7F2400136A26}.Release|Any CPU.ActiveCfg = Release|Any CPU
		{51F85D99-EF7E-6868-06C7-7F2400136A26}.Release|Any CPU.Build.0 = Release|Any CPU
	EndGlobalSection
	GlobalSection(SolutionProperties) = preSolution
		HideSolutionNode = FALSE
	EndGlobalSection
	GlobalSection(ExtensibilityGlobals) = postSolution
		SolutionGuid = {439F3B32-B794-4174-B4A3-E00DE5F5A2B4}
	EndGlobalSection
EndGlobal
